
Microsoft Visual Studio Solution File, Format Version 12.00
# Visual Studio Version 17
VisualStudioVersion = 17.9.34622.214
MinimumVisualStudioVersion = 10.0.40219.1
Project("{8BC9CEB8-8B4A-11D0-8D11-00A0C91BC942}") = "Contect", "Contect\Contect.vcxproj", "{5283CB3C-8642-4778-970D-DAC6560B2F47}"
EndProject
Global
	GlobalSection(SolutionConfigurationPlatforms) = preSolution
		Debug|x64 = Debug|x64
		Debug|x86 = Debug|x86
		Release|x64 = Release|x64
		Release|x86 = Release|x86
	EndGlobalSection
	GlobalSection(ProjectConfigurationPlatforms) = postSolution
		{5283CB3C-8642-4778-970D-DAC6560B2F47}.Debug|x64.ActiveCfg = Debug|x64
		{5283CB3C-8642-4778-970D-DAC6560B2F47}.Debug|x64.Build.0 = Debug|x64
		{5283CB3C-8642-4778-970D-DAC6560B2F47}.Debug|x86.ActiveCfg = Debug|Win32
		{5283CB3C-8642-4778-970D-DAC6560B2F47}.Debug|x86.Build.0 = Debug|Win32
		{5283CB3C-8642-4778-970D-DAC6560B2F47}.Release|x64.ActiveCfg = Release|x64
		{5283CB3C-8642-4778-970D-DAC6560B2F47}.Release|x64.Build.0 = Release|x64
		{5283CB3C-8642-4778-970D-DAC6560B2F47}.Release|x86.ActiveCfg = Release|Win32
		{5283CB3C-8642-4778-970D-DAC6560B2F47}.Release|x86.Build.0 = Release|Win32
	EndGlobalSection
	GlobalSection(SolutionProperties) = preSolution
		HideSolutionNode = FALSE
	EndGlobalSection
	GlobalSection(ExtensibilityGlobals) = postSolution
		SolutionGuid = {3FF31249-5F75-411F-87CA-10C783103398}
	EndGlobalSection
EndGlobal
