
Microsoft Visual Studio Solution File, Format Version 12.00
# Visual Studio Version 17
VisualStudioVersion = 17.9.34622.214
MinimumVisualStudioVersion = 10.0.40219.1
Project("{8BC9CEB8-8B4A-11D0-8D11-00A0C91BC942}") = "first_stage_of_structure", "first_stage_of_structure\first_stage_of_structure.vcxproj", "{B067994E-5DB7-4FE6-9369-1E0A8CE614CD}"
EndProject
Global
	GlobalSection(SolutionConfigurationPlatforms) = preSolution
		Debug|x64 = Debug|x64
		Debug|x86 = Debug|x86
		Release|x64 = Release|x64
		Release|x86 = Release|x86
	EndGlobalSection
	GlobalSection(ProjectConfigurationPlatforms) = postSolution
		{B067994E-5DB7-4FE6-9369-1E0A8CE614CD}.Debug|x64.ActiveCfg = Debug|x64
		{B067994E-5DB7-4FE6-9369-1E0A8CE614CD}.Debug|x64.Build.0 = Debug|x64
		{B067994E-5DB7-4FE6-9369-1E0A8CE614CD}.Debug|x86.ActiveCfg = Debug|Win32
		{B067994E-5DB7-4FE6-9369-1E0A8CE614CD}.Debug|x86.Build.0 = Debug|Win32
		{B067994E-5DB7-4FE6-9369-1E0A8CE614CD}.Release|x64.ActiveCfg = Release|x64
		{B067994E-5DB7-4FE6-9369-1E0A8CE614CD}.Release|x64.Build.0 = Release|x64
		{B067994E-5DB7-4FE6-9369-1E0A8CE614CD}.Release|x86.ActiveCfg = Release|Win32
		{B067994E-5DB7-4FE6-9369-1E0A8CE614CD}.Release|x86.Build.0 = Release|Win32
	EndGlobalSection
	GlobalSection(SolutionProperties) = preSolution
		HideSolutionNode = FALSE
	EndGlobalSection
	GlobalSection(ExtensibilityGlobals) = postSolution
		SolutionGuid = {81893A9E-74FD-4AE9-93A3-0E7647D09CFC}
	EndGlobalSection
EndGlobal
